
Microsoft Visual Studio Solution File, Format Version 12.00
# Visual Studio Version 17
VisualStudioVersion = 17.5.002.0
MinimumVisualStudioVersion = 10.0.40219.1
Project("{2150E333-8FDC-42A3-9474-1A3956D46DE8}") = "prepare", "prepare", "{BDEDA1C1-60C3-4645-93BF-6A21108AD734}"
EndProject
Project("{9A19103F-16F7-4668-BE54-9A1E7A4F7556}") = "Learning02", "prepare\Learning02\Learning02.csproj", "{DFDA9AEC-BB5E-4017-B3A3-98034B89DEB9}"
EndProject
Project("{9A19103F-16F7-4668-BE54-9A1E7A4F7556}") = "Learning05", "prepare\Learning05\Learning05.csproj", "{F69938B7-9984-4A5B-B6CD-498AAC3DDBD2}"
EndProject
Project("{9A19103F-16F7-4668-BE54-9A1E7A4F7556}") = "Learning04", "prepare\Learning04\Learning04.csproj", "{4AE91A5B-D8A8-458B-AACA-BD64DD71ED03}"
EndProject
Project("{9A19103F-16F7-4668-BE54-9A1E7A4F7556}") = "Learning03", "prepare\Learning03\Learning03.csproj", "{A65864F5-4912-41E1-8EBA-A4924CD10B72}"
EndProject
Project("{2150E333-8FDC-42A3-9474-1A3956D46DE8}") = "prove", "prove", "{C8902CBF-0D88-40BE-95AC-F1F6B0C9EF3B}"
EndProject
Project("{9A19103F-16F7-4668-BE54-9A1E7A4F7556}") = "Develop03", "prove\Develop03\Develop03.csproj", "{CA156809-EDFF-4EFF-9FA6-0D6A1FE60EDE}"
EndProject
Project("{9A19103F-16F7-4668-BE54-9A1E7A4F7556}") = "Develop04", "prove\Develop04\Develop04.csproj", "{FC373002-7A30-4CDE-87D8-9EE63A2F9D29}"
EndProject
Project("{9A19103F-16F7-4668-BE54-9A1E7A4F7556}") = "Develop05", "prove\Develop05\Develop05.csproj", "{F8068407-C549-4D1A-8678-050CBDCFDC9B}"
EndProject
Project("{9A19103F-16F7-4668-BE54-9A1E7A4F7556}") = "Develop02", "prove\Develop02\Develop02.csproj", "{F2536BC8-B999-4034-9E16-241DF7718338}"
EndProject
Project("{2150E333-8FDC-42A3-9474-1A3956D46DE8}") = "sandbox", "sandbox", "{3194D600-2E5A-451A-947E-9345FA6B3CA2}"
EndProject
Project("{9A19103F-16F7-4668-BE54-9A1E7A4F7556}") = "Sandbox", "sandbox\Sandbox\Sandbox.csproj", "{D212FDD6-7BEC-4816-9A1E-1744587CE20C}"
EndProject
Project("{2150E333-8FDC-42A3-9474-1A3956D46DE8}") = "final", "final", "{B44FBD48-C075-4704-A5CA-E80C399F8FEA}"
EndProject
Project("{9A19103F-16F7-4668-BE54-9A1E7A4F7556}") = "FinalProject", "final\FinalProject\FinalProject.csproj", "{82C327C9-C553-486F-9B62-F798A13A0E9A}"
EndProject
Project("{9A19103F-16F7-4668-BE54-9A1E7A4F7556}") = "Foundation1", "final\Foundation1\Foundation1.csproj", "{D5F271EA-64F5-4A48-95C8-CB3FAB85BC6F}"
EndProject
Project("{9A19103F-16F7-4668-BE54-9A1E7A4F7556}") = "Foundation4", "final\Foundation4\Foundation4.csproj", "{3529B73A-6F80-4B8E-A14F-C50E52960DF7}"
EndProject
Project("{9A19103F-16F7-4668-BE54-9A1E7A4F7556}") = "Foundation3", "final\Foundation3\Foundation3.csproj", "{B7EE2BA0-CAB1-4212-BACC-7B402B15E6B9}"
EndProject
Project("{9A19103F-16F7-4668-BE54-9A1E7A4F7556}") = "Foundation2", "final\Foundation2\Foundation2.csproj", "{E5B42557-8B21-4C33-9DD4-C02B12FA5B13}"
EndProject
Project("{2150E333-8FDC-42A3-9474-1A3956D46DE8}") = "csharp-prep", "csharp-prep", "{831261D9-34A2-4D18-898E-A654FB295894}"
EndProject
Project("{9A19103F-16F7-4668-BE54-9A1E7A4F7556}") = "Prep1", "csharp-prep\Prep1\Prep1.csproj", "{9105DB43-A753-4C86-AC6E-61CB8A68060D}"
EndProject
Project("{9A19103F-16F7-4668-BE54-9A1E7A4F7556}") = "Prep5", "csharp-prep\Prep5\Prep5.csproj", "{F28A58E8-7351-467D-992B-84FF1265A1A9}"
EndProject
Project("{9A19103F-16F7-4668-BE54-9A1E7A4F7556}") = "Prep2", "csharp-prep\Prep2\Prep2.csproj", "{9F6ACF4C-57F1-4223-BDBE-DACA997F9C53}"
EndProject
Project("{9A19103F-16F7-4668-BE54-9A1E7A4F7556}") = "Prep3", "csharp-prep\Prep3\Prep3.csproj", "{5ED6F2F1-5531-4878-8817-0F78BDF52F9B}"
EndProject
Project("{9A19103F-16F7-4668-BE54-9A1E7A4F7556}") = "Prep4", "csharp-prep\Prep4\Prep4.csproj", "{1478AF87-3550-4307-9A2C-2F0C7F6E75D2}"
EndProject
Global
	GlobalSection(SolutionConfigurationPlatforms) = preSolution
		Debug|Any CPU = Debug|Any CPU
		Release|Any CPU = Release|Any CPU
	EndGlobalSection
	GlobalSection(ProjectConfigurationPlatforms) = postSolution
		{DFDA9AEC-BB5E-4017-B3A3-98034B89DEB9}.Debug|Any CPU.ActiveCfg = Debug|Any CPU
		{DFDA9AEC-BB5E-4017-B3A3-98034B89DEB9}.Debug|Any CPU.Build.0 = Debug|Any CPU
		{DFDA9AEC-BB5E-4017-B3A3-98034B89DEB9}.Release|Any CPU.ActiveCfg = Release|Any CPU
		{DFDA9AEC-BB5E-4017-B3A3-98034B89DEB9}.Release|Any CPU.Build.0 = Release|Any CPU
		{F69938B7-9984-4A5B-B6CD-498AAC3DDBD2}.Debug|Any CPU.ActiveCfg = Debug|Any CPU
		{F69938B7-9984-4A5B-B6CD-498AAC3DDBD2}.Debug|Any CPU.Build.0 = Debug|Any CPU
		{F69938B7-9984-4A5B-B6CD-498AAC3DDBD2}.Release|Any CPU.ActiveCfg = Release|Any CPU
		{F69938B7-9984-4A5B-B6CD-498AAC3DDBD2}.Release|Any CPU.Build.0 = Release|Any CPU
		{4AE91A5B-D8A8-458B-AACA-BD64DD71ED03}.Debug|Any CPU.ActiveCfg = Debug|Any CPU
		{4AE91A5B-D8A8-458B-AACA-BD64DD71ED03}.Debug|Any CPU.Build.0 = Debug|Any CPU
		{4AE91A5B-D8A8-458B-AACA-BD64DD71ED03}.Release|Any CPU.ActiveCfg = Release|Any CPU
		{4AE91A5B-D8A8-458B-AACA-BD64DD71ED03}.Release|Any CPU.Build.0 = Release|Any CPU
		{A65864F5-4912-41E1-8EBA-A4924CD10B72}.Debug|Any CPU.ActiveCfg = Debug|Any CPU
		{A65864F5-4912-41E1-8EBA-A4924CD10B72}.Debug|Any CPU.Build.0 = Debug|Any CPU
		{A65864F5-4912-41E1-8EBA-A4924CD10B72}.Release|Any CPU.ActiveCfg = Release|Any CPU
		{A65864F5-4912-41E1-8EBA-A4924CD10B72}.Release|Any CPU.Build.0 = Release|Any CPU
		{CA156809-EDFF-4EFF-9FA6-0D6A1FE60EDE}.Debug|Any CPU.ActiveCfg = Debug|Any CPU
		{CA156809-EDFF-4EFF-9FA6-0D6A1FE60EDE}.Debug|Any CPU.Build.0 = Debug|Any CPU
		{CA156809-EDFF-4EFF-9FA6-0D6A1FE60EDE}.Release|Any CPU.ActiveCfg = Release|Any CPU
		{CA156809-EDFF-4EFF-9FA6-0D6A1FE60EDE}.Release|Any CPU.Build.0 = Release|Any CPU
		{FC373002-7A30-4CDE-87D8-9EE63A2F9D29}.Debug|Any CPU.ActiveCfg = Debug|Any CPU
		{FC373002-7A30-4CDE-87D8-9EE63A2F9D29}.Debug|Any CPU.Build.0 = Debug|Any CPU
		{FC373002-7A30-4CDE-87D8-9EE63A2F9D29}.Release|Any CPU.ActiveCfg = Release|Any CPU
		{FC373002-7A30-4CDE-87D8-9EE63A2F9D29}.Release|Any CPU.Build.0 = Release|Any CPU
		{F8068407-C549-4D1A-8678-050CBDCFDC9B}.Debug|Any CPU.ActiveCfg = Debug|Any CPU
		{F8068407-C549-4D1A-8678-050CBDCFDC9B}.Debug|Any CPU.Build.0 = Debug|Any CPU
		{F8068407-C549-4D1A-8678-050CBDCFDC9B}.Release|Any CPU.ActiveCfg = Release|Any CPU
		{F8068407-C549-4D1A-8678-050CBDCFDC9B}.Release|Any CPU.Build.0 = Release|Any CPU
		{F2536BC8-B999-4034-9E16-241DF7718338}.Debug|Any CPU.ActiveCfg = Debug|Any CPU
		{F2536BC8-B999-4034-9E16-241DF7718338}.Debug|Any CPU.Build.0 = Debug|Any CPU
		{F2536BC8-B999-4034-9E16-241DF7718338}.Release|Any CPU.ActiveCfg = Release|Any CPU
		{F2536BC8-B999-4034-9E16-241DF7718338}.Release|Any CPU.Build.0 = Release|Any CPU
		{D212FDD6-7BEC-4816-9A1E-1744587CE20C}.Debug|Any CPU.ActiveCfg = Debug|Any CPU
		{D212FDD6-7BEC-4816-9A1E-1744587CE20C}.Debug|Any CPU.Build.0 = Debug|Any CPU
		{D212FDD6-7BEC-4816-9A1E-1744587CE20C}.Release|Any CPU.ActiveCfg = Release|Any CPU
		{D212FDD6-7BEC-4816-9A1E-1744587CE20C}.Release|Any CPU.Build.0 = Release|Any CPU
		{82C327C9-C553-486F-9B62-F798A13A0E9A}.Debug|Any CPU.ActiveCfg = Debug|Any CPU
		{82C327C9-C553-486F-9B62-F798A13A0E9A}.Debug|Any CPU.Build.0 = Debug|Any CPU
		{82C327C9-C553-486F-9B62-F798A13A0E9A}.Release|Any CPU.ActiveCfg = Release|Any CPU
		{82C327C9-C553-486F-9B62-F798A13A0E9A}.Release|Any CPU.Build.0 = Release|Any CPU
		{D5F271EA-64F5-4A48-95C8-CB3FAB85BC6F}.Debug|Any CPU.ActiveCfg = Debug|Any CPU
		{D5F271EA-64F5-4A48-95C8-CB3FAB85BC6F}.Debug|Any CPU.Build.0 = Debug|Any CPU
		{D5F271EA-64F5-4A48-95C8-CB3FAB85BC6F}.Release|Any CPU.ActiveCfg = Release|Any CPU
		{D5F271EA-64F5-4A48-95C8-CB3FAB85BC6F}.Release|Any CPU.Build.0 = Release|Any CPU
		{3529B73A-6F80-4B8E-A14F-C50E52960DF7}.Debug|Any CPU.ActiveCfg = Debug|Any CPU
		{3529B73A-6F80-4B8E-A14F-C50E52960DF7}.Debug|Any CPU.Build.0 = Debug|Any CPU
		{3529B73A-6F80-4B8E-A14F-C50E52960DF7}.Release|Any CPU.ActiveCfg = Release|Any CPU
		{3529B73A-6F80-4B8E-A14F-C50E52960DF7}.Release|Any CPU.Build.0 = Release|Any CPU
		{B7EE2BA0-CAB1-4212-BACC-7B402B15E6B9}.Debug|Any CPU.ActiveCfg = Debug|Any CPU
		{B7EE2BA0-CAB1-4212-BACC-7B402B15E6B9}.Debug|Any CPU.Build.0 = Debug|Any CPU
		{B7EE2BA0-CAB1-4212-BACC-7B402B15E6B9}.Release|Any CPU.ActiveCfg = Release|Any CPU
		{B7EE2BA0-CAB1-4212-BACC-7B402B15E6B9}.Release|Any CPU.Build.0 = Release|Any CPU
		{E5B42557-8B21-4C33-9DD4-C02B12FA5B13}.Debug|Any CPU.ActiveCfg = Debug|Any CPU
		{E5B42557-8B21-4C33-9DD4-C02B12FA5B13}.Debug|Any CPU.Build.0 = Debug|Any CPU
		{E5B42557-8B21-4C33-9DD4-C02B12FA5B13}.Release|Any CPU.ActiveCfg = Release|Any CPU
		{E5B42557-8B21-4C33-9DD4-C02B12FA5B13}.Release|Any CPU.Build.0 = Release|Any CPU
		{9105DB43-A753-4C86-AC6E-61CB8A68060D}.Debug|Any CPU.ActiveCfg = Debug|Any CPU
		{9105DB43-A753-4C86-AC6E-61CB8A68060D}.Debug|Any CPU.Build.0 = Debug|Any CPU
		{9105DB43-A753-4C86-AC6E-61CB8A68060D}.Release|Any CPU.ActiveCfg = Release|Any CPU
		{9105DB43-A753-4C86-AC6E-61CB8A68060D}.Release|Any CPU.Build.0 = Release|Any CPU
		{F28A58E8-7351-467D-992B-84FF1265A1A9}.Debug|Any CPU.ActiveCfg = Debug|Any CPU
		{F28A58E8-7351-467D-992B-84FF1265A1A9}.Debug|Any CPU.Build.0 = Debug|Any CPU
		{F28A58E8-7351-467D-992B-84FF1265A1A9}.Release|Any CPU.ActiveCfg = Release|Any CPU
		{F28A58E8-7351-467D-992B-84FF1265A1A9}.Release|Any CPU.Build.0 = Release|Any CPU
		{9F6ACF4C-57F1-4223-BDBE-DACA997F9C53}.Debug|Any CPU.ActiveCfg = Debug|Any CPU
		{9F6ACF4C-57F1-4223-BDBE-DACA997F9C53}.Debug|Any CPU.Build.0 = Debug|Any CPU
		{9F6ACF4C-57F1-4223-BDBE-DACA997F9C53}.Release|Any CPU.ActiveCfg = Release|Any CPU
		{9F6ACF4C-57F1-4223-BDBE-DACA997F9C53}.Release|Any CPU.Build.0 = Release|Any CPU
		{5ED6F2F1-5531-4878-8817-0F78BDF52F9B}.Debug|Any CPU.ActiveCfg = Debug|Any CPU
		{5ED6F2F1-5531-4878-8817-0F78BDF52F9B}.Debug|Any CPU.Build.0 = Debug|Any CPU
		{5ED6F2F1-5531-4878-8817-0F78BDF52F9B}.Release|Any CPU.ActiveCfg = Release|Any CPU
		{5ED6F2F1-5531-4878-8817-0F78BDF52F9B}.Release|Any CPU.Build.0 = Release|Any CPU
		{1478AF87-3550-4307-9A2C-2F0C7F6E75D2}.Debug|Any CPU.ActiveCfg = Debug|Any CPU
		{1478AF87-3550-4307-9A2C-2F0C7F6E75D2}.Debug|Any CPU.Build.0 = Debug|Any CPU
		{1478AF87-3550-4307-9A2C-2F0C7F6E75D2}.Release|Any CPU.ActiveCfg = Release|Any CPU
		{1478AF87-3550-4307-9A2C-2F0C7F6E75D2}.Release|Any CPU.Build.0 = Release|Any CPU
	EndGlobalSection
	GlobalSection(SolutionProperties) = preSolution
		HideSolutionNode = FALSE
	EndGlobalSection
	GlobalSection(NestedProjects) = preSolution
		{DFDA9AEC-BB5E-4017-B3A3-98034B89DEB9} = {BDEDA1C1-60C3-4645-93BF-6A21108AD734}
		{F69938B7-9984-4A5B-B6CD-498AAC3DDBD2} = {BDEDA1C1-60C3-4645-93BF-6A21108AD734}
		{4AE91A5B-D8A8-458B-AACA-BD64DD71ED03} = {BDEDA1C1-60C3-4645-93BF-6A21108AD734}
		{A65864F5-4912-41E1-8EBA-A4924CD10B72} = {BDEDA1C1-60C3-4645-93BF-6A21108AD734}
		{CA156809-EDFF-4EFF-9FA6-0D6A1FE60EDE} = {C8902CBF-0D88-40BE-95AC-F1F6B0C9EF3B}
		{FC373002-7A30-4CDE-87D8-9EE63A2F9D29} = {C8902CBF-0D88-40BE-95AC-F1F6B0C9EF3B}
		{F8068407-C549-4D1A-8678-050CBDCFDC9B} = {C8902CBF-0D88-40BE-95AC-F1F6B0C9EF3B}
		{F2536BC8-B999-4034-9E16-241DF7718338} = {C8902CBF-0D88-40BE-95AC-F1F6B0C9EF3B}
		{D212FDD6-7BEC-4816-9A1E-1744587CE20C} = {3194D600-2E5A-451A-947E-9345FA6B3CA2}
		{82C327C9-C553-486F-9B62-F798A13A0E9A} = {B44FBD48-C075-4704-A5CA-E80C399F8FEA}
		{D5F271EA-64F5-4A48-95C8-CB3FAB85BC6F} = {B44FBD48-C075-4704-A5CA-E80C399F8FEA}
		{3529B73A-6F80-4B8E-A14F-C50E52960DF7} = {B44FBD48-C075-4704-A5CA-E80C399F8FEA}
		{B7EE2BA0-CAB1-4212-BACC-7B402B15E6B9} = {B44FBD48-C075-4704-A5CA-E80C399F8FEA}
		{E5B42557-8B21-4C33-9DD4-C02B12FA5B13} = {B44FBD48-C075-4704-A5CA-E80C399F8FEA}
		{9105DB43-A753-4C86-AC6E-61CB8A68060D} = {831261D9-34A2-4D18-898E-A654FB295894}
		{F28A58E8-7351-467D-992B-84FF1265A1A9} = {831261D9-34A2-4D18-898E-A654FB295894}
		{9F6ACF4C-57F1-4223-BDBE-DACA997F9C53} = {831261D9-34A2-4D18-898E-A654FB295894}
		{5ED6F2F1-5531-4878-8817-0F78BDF52F9B} = {831261D9-34A2-4D18-898E-A654FB295894}
		{1478AF87-3550-4307-9A2C-2F0C7F6E75D2} = {831261D9-34A2-4D18-898E-A654FB295894}
	EndGlobalSection
	GlobalSection(ExtensibilityGlobals) = postSolution
		SolutionGuid = {70B4B897-7913-4D12-8106-655AC7A50BF1}
	EndGlobalSection
EndGlobal
